Microsoft Visual Studio Solution File, Format Version 12.00
# Visual Studio Version 17
VisualStudioVersion = 17.10.35013.160
MinimumVisualStudioVersion = 10.0.40219.1
Project("{FAE04EC0-301F-11D3-BF4B-00C04F79EFBC}") = "Remotting Server", "Remotting Server.csproj", "{F09B06F7-DEEF-4D1C-A0FF-718E267ACFEA}"
EndProject
Global
	GlobalSection(SolutionConfigurationPlatforms) = preSolution
		Debug|Any CPU = Debug|Any CPU
		Release|Any CPU = Release|Any CPU
	EndGlobalSection
	GlobalSection(ProjectConfigurationPlatforms) = postSolution
		{F09B06F7-DEEF-4D1C-A0FF-718E267ACFEA}.Debug|Any CPU.ActiveCfg = Debug|Any CPU
		{F09B06F7-DEEF-4D1C-A0FF-718E267ACFEA}.Debug|Any CPU.Build.0 = Debug|Any CPU
		{F09B06F7-DEEF-4D1C-A0FF-718E267ACFEA}.Release|Any CPU.ActiveCfg = Release|Any CPU
		{F09B06F7-DEEF-4D1C-A0FF-718E267ACFEA}.Release|Any CPU.Build.0 = Release|Any CPU
	EndGlobalSection
	GlobalSection(SolutionProperties) = preSolution
		HideSolutionNode = FALSE
	EndGlobalSection
	GlobalSection(ExtensibilityGlobals) = postSolution
		SolutionGuid = {6591167C-7E64-4122-8CFD-4B0ADCFAC440}
	EndGlobalSection
EndGlobal
